
Microsoft Visual Studio Solution File, Format Version 12.00
# Visual Studio Version 17
VisualStudioVersion = 17.0.31903.59
MinimumVisualStudioVersion = 10.0.40219.1
Project("{2150E333-8FDC-42A3-9474-1A3956D46DE8}") = "src", "src", "{827E0CD3-B72D-47B6-A68D-7590B98EB39B}"
EndProject
Project("{FAE04EC0-301F-11D3-BF4B-00C04F79EFBC}") = "Store.Domain", "src\Store.Domain\Store.Domain.csproj", "{2AF0537B-1EF0-4A51-8413-947AE9AD3262}"
EndProject
Project("{FAE04EC0-301F-11D3-BF4B-00C04F79EFBC}") = "Store.Application", "src\Store.Application\Store.Application.csproj", "{482CE2AC-F506-4145-972C-B5B56D7CDE41}"
EndProject
Project("{FAE04EC0-301F-11D3-BF4B-00C04F79EFBC}") = "Store.Infrastructure", "src\Store.Infrastructure\Store.Infrastructure.csproj", "{53BD1B5E-3597-4FB9-B329-791DC1E87862}"
EndProject
Project("{FAE04EC0-301F-11D3-BF4B-00C04F79EFBC}") = "Store.API", "src\Store.API\Store.API.csproj", "{E8F73B3B-5D43-4417-895E-78C190B479B4}"
EndProject
Project("{2150E333-8FDC-42A3-9474-1A3956D46DE8}") = "tests", "tests", "{0AB3BF05-4346-4AA6-1389-037BE0695223}"
EndProject
Project("{FAE04EC0-301F-11D3-BF4B-00C04F79EFBC}") = "Store.UnitTests", "tests\Store.UnitTests\Store.UnitTests.csproj", "{1F12A7B4-281E-4902-8DC5-84779D70AC86}"
EndProject
Project("{FAE04EC0-301F-11D3-BF4B-00C04F79EFBC}") = "Store.IntegrationTests", "tests\Store.IntegrationTests\Store.IntegrationTests.csproj", "{D6755DB1-36C6-4B7F-AF97-FA295677492C}"
EndProject
Global
	GlobalSection(SolutionConfigurationPlatforms) = preSolution
		Debug|Any CPU = Debug|Any CPU
		Debug|x64 = Debug|x64
		Debug|x86 = Debug|x86
		Release|Any CPU = Release|Any CPU
		Release|x64 = Release|x64
		Release|x86 = Release|x86
	EndGlobalSection
	GlobalSection(ProjectConfigurationPlatforms) = postSolution
		{2AF0537B-1EF0-4A51-8413-947AE9AD3262}.Debug|Any CPU.ActiveCfg = Debug|Any CPU
		{2AF0537B-1EF0-4A51-8413-947AE9AD3262}.Debug|Any CPU.Build.0 = Debug|Any CPU
		{2AF0537B-1EF0-4A51-8413-947AE9AD3262}.Debug|x64.ActiveCfg = Debug|Any CPU
		{2AF0537B-1EF0-4A51-8413-947AE9AD3262}.Debug|x64.Build.0 = Debug|Any CPU
		{2AF0537B-1EF0-4A51-8413-947AE9AD3262}.Debug|x86.ActiveCfg = Debug|Any CPU
		{2AF0537B-1EF0-4A51-8413-947AE9AD3262}.Debug|x86.Build.0 = Debug|Any CPU
		{2AF0537B-1EF0-4A51-8413-947AE9AD3262}.Release|Any CPU.ActiveCfg = Release|Any CPU
		{2AF0537B-1EF0-4A51-8413-947AE9AD3262}.Release|Any CPU.Build.0 = Release|Any CPU
		{2AF0537B-1EF0-4A51-8413-947AE9AD3262}.Release|x64.ActiveCfg = Release|Any CPU
		{2AF0537B-1EF0-4A51-8413-947AE9AD3262}.Release|x64.Build.0 = Release|Any CPU
		{2AF0537B-1EF0-4A51-8413-947AE9AD3262}.Release|x86.ActiveCfg = Release|Any CPU
		{2AF0537B-1EF0-4A51-8413-947AE9AD3262}.Release|x86.Build.0 = Release|Any CPU
		{482CE2AC-F506-4145-972C-B5B56D7CDE41}.Debug|Any CPU.ActiveCfg = Debug|Any CPU
		{482CE2AC-F506-4145-972C-B5B56D7CDE41}.Debug|Any CPU.Build.0 = Debug|Any CPU
		{482CE2AC-F506-4145-972C-B5B56D7CDE41}.Debug|x64.ActiveCfg = Debug|Any CPU
		{482CE2AC-F506-4145-972C-B5B56D7CDE41}.Debug|x64.Build.0 = Debug|Any CPU
		{482CE2AC-F506-4145-972C-B5B56D7CDE41}.Debug|x86.ActiveCfg = Debug|Any CPU
		{482CE2AC-F506-4145-972C-B5B56D7CDE41}.Debug|x86.Build.0 = Debug|Any CPU
		{482CE2AC-F506-4145-972C-B5B56D7CDE41}.Release|Any CPU.ActiveCfg = Release|Any CPU
		{482CE2AC-F506-4145-972C-B5B56D7CDE41}.Release|Any CPU.Build.0 = Release|Any CPU
		{482CE2AC-F506-4145-972C-B5B56D7CDE41}.Release|x64.ActiveCfg = Release|Any CPU
		{482CE2AC-F506-4145-972C-B5B56D7CDE41}.Release|x64.Build.0 = Release|Any CPU
		{482CE2AC-F506-4145-972C-B5B56D7CDE41}.Release|x86.ActiveCfg = Release|Any CPU
		{482CE2AC-F506-4145-972C-B5B56D7CDE41}.Release|x86.Build.0 = Release|Any CPU
		{53BD1B5E-3597-4FB9-B329-791DC1E87862}.Debug|Any CPU.ActiveCfg = Debug|Any CPU
		{53BD1B5E-3597-4FB9-B329-791DC1E87862}.Debug|Any CPU.Build.0 = Debug|Any CPU
		{53BD1B5E-3597-4FB9-B329-791DC1E87862}.Debug|x64.ActiveCfg = Debug|Any CPU
		{53BD1B5E-3597-4FB9-B329-791DC1E87862}.Debug|x64.Build.0 = Debug|Any CPU
		{53BD1B5E-3597-4FB9-B329-791DC1E87862}.Debug|x86.ActiveCfg = Debug|Any CPU
		{53BD1B5E-3597-4FB9-B329-791DC1E87862}.Debug|x86.Build.0 = Debug|Any CPU
		{53BD1B5E-3597-4FB9-B329-791DC1E87862}.Release|Any CPU.ActiveCfg = Release|Any CPU
		{53BD1B5E-3597-4FB9-B329-791DC1E87862}.Release|Any CPU.Build.0 = Release|Any CPU
		{53BD1B5E-3597-4FB9-B329-791DC1E87862}.Release|x64.ActiveCfg = Release|Any CPU
		{53BD1B5E-3597-4FB9-B329-791DC1E87862}.Release|x64.Build.0 = Release|Any CPU
		{53BD1B5E-3597-4FB9-B329-791DC1E87862}.Release|x86.ActiveCfg = Release|Any CPU
		{53BD1B5E-3597-4FB9-B329-791DC1E87862}.Release|x86.Build.0 = Release|Any CPU
		{E8F73B3B-5D43-4417-895E-78C190B479B4}.Debug|Any CPU.ActiveCfg = Debug|Any CPU
		{E8F73B3B-5D43-4417-895E-78C190B479B4}.Debug|Any CPU.Build.0 = Debug|Any CPU
		{E8F73B3B-5D43-4417-895E-78C190B479B4}.Debug|x64.ActiveCfg = Debug|Any CPU
		{E8F73B3B-5D43-4417-895E-78C190B479B4}.Debug|x64.Build.0 = Debug|Any CPU
		{E8F73B3B-5D43-4417-895E-78C190B479B4}.Debug|x86.ActiveCfg = Debug|Any CPU
		{E8F73B3B-5D43-4417-895E-78C190B479B4}.Debug|x86.Build.0 = Debug|Any CPU
		{E8F73B3B-5D43-4417-895E-78C190B479B4}.Release|Any CPU.ActiveCfg = Release|Any CPU
		{E8F73B3B-5D43-4417-895E-78C190B479B4}.Release|Any CPU.Build.0 = Release|Any CPU
		{E8F73B3B-5D43-4417-895E-78C190B479B4}.Release|x64.ActiveCfg = Release|Any CPU
		{E8F73B3B-5D43-4417-895E-78C190B479B4}.Release|x64.Build.0 = Release|Any CPU
		{E8F73B3B-5D43-4417-895E-78C190B479B4}.Release|x86.ActiveCfg = Release|Any CPU
		{E8F73B3B-5D43-4417-895E-78C190B479B4}.Release|x86.Build.0 = Release|Any CPU
		{1F12A7B4-281E-4902-8DC5-84779D70AC86}.Debug|Any CPU.ActiveCfg = Debug|Any CPU
		{1F12A7B4-281E-4902-8DC5-84779D70AC86}.Debug|Any CPU.Build.0 = Debug|Any CPU
		{1F12A7B4-281E-4902-8DC5-84779D70AC86}.Debug|x64.ActiveCfg = Debug|Any CPU
		{1F12A7B4-281E-4902-8DC5-84779D70AC86}.Debug|x64.Build.0 = Debug|Any CPU
		{1F12A7B4-281E-4902-8DC5-84779D70AC86}.Debug|x86.ActiveCfg = Debug|Any CPU
		{1F12A7B4-281E-4902-8DC5-84779D70AC86}.Debug|x86.Build.0 = Debug|Any CPU
		{1F12A7B4-281E-4902-8DC5-84779D70AC86}.Release|Any CPU.ActiveCfg = Release|Any CPU
		{1F12A7B4-281E-4902-8DC5-84779D70AC86}.Release|Any CPU.Build.0 = Release|Any CPU
		{1F12A7B4-281E-4902-8DC5-84779D70AC86}.Release|x64.ActiveCfg = Release|Any CPU
		{1F12A7B4-281E-4902-8DC5-84779D70AC86}.Release|x64.Build.0 = Release|Any CPU
		{1F12A7B4-281E-4902-8DC5-84779D70AC86}.Release|x86.ActiveCfg = Release|Any CPU
		{1F12A7B4-281E-4902-8DC5-84779D70AC86}.Release|x86.Build.0 = Release|Any CPU
		{D6755DB1-36C6-4B7F-AF97-FA295677492C}.Debug|Any CPU.ActiveCfg = Debug|Any CPU
		{D6755DB1-36C6-4B7F-AF97-FA295677492C}.Debug|Any CPU.Build.0 = Debug|Any CPU
		{D6755DB1-36C6-4B7F-AF97-FA295677492C}.Debug|x64.ActiveCfg = Debug|Any CPU
		{D6755DB1-36C6-4B7F-AF97-FA295677492C}.Debug|x64.Build.0 = Debug|Any CPU
		{D6755DB1-36C6-4B7F-AF97-FA295677492C}.Debug|x86.ActiveCfg = Debug|Any CPU
		{D6755DB1-36C6-4B7F-AF97-FA295677492C}.Debug|x86.Build.0 = Debug|Any CPU
		{D6755DB1-36C6-4B7F-AF97-FA295677492C}.Release|Any CPU.ActiveCfg = Release|Any CPU
		{D6755DB1-36C6-4B7F-AF97-FA295677492C}.Release|Any CPU.Build.0 = Release|Any CPU
		{D6755DB1-36C6-4B7F-AF97-FA295677492C}.Release|x64.ActiveCfg = Release|Any CPU
		{D6755DB1-36C6-4B7F-AF97-FA295677492C}.Release|x64.Build.0 = Release|Any CPU
		{D6755DB1-36C6-4B7F-AF97-FA295677492C}.Release|x86.ActiveCfg = Release|Any CPU
		{D6755DB1-36C6-4B7F-AF97-FA295677492C}.Release|x86.Build.0 = Release|Any CPU
	EndGlobalSection
	GlobalSection(SolutionProperties) = preSolution
		HideSolutionNode = FALSE
	EndGlobalSection
	GlobalSection(NestedProjects) = preSolution
		{2AF0537B-1EF0-4A51-8413-947AE9AD3262} = {827E0CD3-B72D-47B6-A68D-7590B98EB39B}
		{482CE2AC-F506-4145-972C-B5B56D7CDE41} = {827E0CD3-B72D-47B6-A68D-7590B98EB39B}
		{53BD1B5E-3597-4FB9-B329-791DC1E87862} = {827E0CD3-B72D-47B6-A68D-7590B98EB39B}
		{E8F73B3B-5D43-4417-895E-78C190B479B4} = {827E0CD3-B72D-47B6-A68D-7590B98EB39B}
		{1F12A7B4-281E-4902-8DC5-84779D70AC86} = {0AB3BF05-4346-4AA6-1389-037BE0695223}
		{D6755DB1-36C6-4B7F-AF97-FA295677492C} = {0AB3BF05-4346-4AA6-1389-037BE0695223}
	EndGlobalSection
EndGlobal
