
Microsoft Visual Studio Solution File, Format Version 12.00
# Visual Studio Version 17
VisualStudioVersion = 17.0.31903.59
MinimumVisualStudioVersion = 10.0.40219.1
Project("{2150E333-8FDC-42A3-9474-1A3956D46DE8}") = "src", "src", "{827E0CD3-B72D-47B6-A68D-7590B98EB39B}"
EndProject
Project("{FAE04EC0-301F-11D3-BF4B-00C04F79EFBC}") = "Adoption.API", "src\Adoption.API\Adoption.API.csproj", "{69342D5E-A36E-4217-94D2-E48D67FB43F1}"
EndProject
Project("{FAE04EC0-301F-11D3-BF4B-00C04F79EFBC}") = "Adoption.Domain", "src\Adoption.Domain\Adoption.Domain.csproj", "{9B94F2CE-44CD-49D7-930A-554CD73F0EE8}"
EndProject
Project("{FAE04EC0-301F-11D3-BF4B-00C04F79EFBC}") = "Adoption.Application", "src\Adoption.Application\Adoption.Application.csproj", "{15712358-AFA6-426D-B30A-879D5B3CB9B8}"
EndProject
Project("{FAE04EC0-301F-11D3-BF4B-00C04F79EFBC}") = "Adoption.Infrastructure", "src\Adoption.Infrastructure\Adoption.Infrastructure.csproj", "{62E6573A-4854-45DF-901C-B91869CA1A72}"
EndProject
Project("{2150E333-8FDC-42A3-9474-1A3956D46DE8}") = "tests", "tests", "{0AB3BF05-4346-4AA6-1389-037BE0695223}"
EndProject
Project("{FAE04EC0-301F-11D3-BF4B-00C04F79EFBC}") = "Adoption.UnitTests", "tests\Adoption.UnitTests\Adoption.UnitTests.csproj", "{0BCC8DB0-732C-4D2F-96E9-AF66836A21BB}"
EndProject
Project("{FAE04EC0-301F-11D3-BF4B-00C04F79EFBC}") = "Adoption.IntegrationTests", "tests\Adoption.IntegrationTests\Adoption.IntegrationTests.csproj", "{5DD10D0C-3293-433C-A154-EE0078588236}"
EndProject
Global
	GlobalSection(SolutionConfigurationPlatforms) = preSolution
		Debug|Any CPU = Debug|Any CPU
		Debug|x64 = Debug|x64
		Debug|x86 = Debug|x86
		Release|Any CPU = Release|Any CPU
		Release|x64 = Release|x64
		Release|x86 = Release|x86
	EndGlobalSection
	GlobalSection(ProjectConfigurationPlatforms) = postSolution
		{69342D5E-A36E-4217-94D2-E48D67FB43F1}.Debug|Any CPU.ActiveCfg = Debug|Any CPU
		{69342D5E-A36E-4217-94D2-E48D67FB43F1}.Debug|Any CPU.Build.0 = Debug|Any CPU
		{69342D5E-A36E-4217-94D2-E48D67FB43F1}.Debug|x64.ActiveCfg = Debug|Any CPU
		{69342D5E-A36E-4217-94D2-E48D67FB43F1}.Debug|x64.Build.0 = Debug|Any CPU
		{69342D5E-A36E-4217-94D2-E48D67FB43F1}.Debug|x86.ActiveCfg = Debug|Any CPU
		{69342D5E-A36E-4217-94D2-E48D67FB43F1}.Debug|x86.Build.0 = Debug|Any CPU
		{69342D5E-A36E-4217-94D2-E48D67FB43F1}.Release|Any CPU.ActiveCfg = Release|Any CPU
		{69342D5E-A36E-4217-94D2-E48D67FB43F1}.Release|Any CPU.Build.0 = Release|Any CPU
		{69342D5E-A36E-4217-94D2-E48D67FB43F1}.Release|x64.ActiveCfg = Release|Any CPU
		{69342D5E-A36E-4217-94D2-E48D67FB43F1}.Release|x64.Build.0 = Release|Any CPU
		{69342D5E-A36E-4217-94D2-E48D67FB43F1}.Release|x86.ActiveCfg = Release|Any CPU
		{69342D5E-A36E-4217-94D2-E48D67FB43F1}.Release|x86.Build.0 = Release|Any CPU
		{9B94F2CE-44CD-49D7-930A-554CD73F0EE8}.Debug|Any CPU.ActiveCfg = Debug|Any CPU
		{9B94F2CE-44CD-49D7-930A-554CD73F0EE8}.Debug|Any CPU.Build.0 = Debug|Any CPU
		{9B94F2CE-44CD-49D7-930A-554CD73F0EE8}.Debug|x64.ActiveCfg = Debug|Any CPU
		{9B94F2CE-44CD-49D7-930A-554CD73F0EE8}.Debug|x64.Build.0 = Debug|Any CPU
		{9B94F2CE-44CD-49D7-930A-554CD73F0EE8}.Debug|x86.ActiveCfg = Debug|Any CPU
		{9B94F2CE-44CD-49D7-930A-554CD73F0EE8}.Debug|x86.Build.0 = Debug|Any CPU
		{9B94F2CE-44CD-49D7-930A-554CD73F0EE8}.Release|Any CPU.ActiveCfg = Release|Any CPU
		{9B94F2CE-44CD-49D7-930A-554CD73F0EE8}.Release|Any CPU.Build.0 = Release|Any CPU
		{9B94F2CE-44CD-49D7-930A-554CD73F0EE8}.Release|x64.ActiveCfg = Release|Any CPU
		{9B94F2CE-44CD-49D7-930A-554CD73F0EE8}.Release|x64.Build.0 = Release|Any CPU
		{9B94F2CE-44CD-49D7-930A-554CD73F0EE8}.Release|x86.ActiveCfg = Release|Any CPU
		{9B94F2CE-44CD-49D7-930A-554CD73F0EE8}.Release|x86.Build.0 = Release|Any CPU
		{15712358-AFA6-426D-B30A-879D5B3CB9B8}.Debug|Any CPU.ActiveCfg = Debug|Any CPU
		{15712358-AFA6-426D-B30A-879D5B3CB9B8}.Debug|Any CPU.Build.0 = Debug|Any CPU
		{15712358-AFA6-426D-B30A-879D5B3CB9B8}.Debug|x64.ActiveCfg = Debug|Any CPU
		{15712358-AFA6-426D-B30A-879D5B3CB9B8}.Debug|x64.Build.0 = Debug|Any CPU
		{15712358-AFA6-426D-B30A-879D5B3CB9B8}.Debug|x86.ActiveCfg = Debug|Any CPU
		{15712358-AFA6-426D-B30A-879D5B3CB9B8}.Debug|x86.Build.0 = Debug|Any CPU
		{15712358-AFA6-426D-B30A-879D5B3CB9B8}.Release|Any CPU.ActiveCfg = Release|Any CPU
		{15712358-AFA6-426D-B30A-879D5B3CB9B8}.Release|Any CPU.Build.0 = Release|Any CPU
		{15712358-AFA6-426D-B30A-879D5B3CB9B8}.Release|x64.ActiveCfg = Release|Any CPU
		{15712358-AFA6-426D-B30A-879D5B3CB9B8}.Release|x64.Build.0 = Release|Any CPU
		{15712358-AFA6-426D-B30A-879D5B3CB9B8}.Release|x86.ActiveCfg = Release|Any CPU
		{15712358-AFA6-426D-B30A-879D5B3CB9B8}.Release|x86.Build.0 = Release|Any CPU
		{62E6573A-4854-45DF-901C-B91869CA1A72}.Debug|Any CPU.ActiveCfg = Debug|Any CPU
		{62E6573A-4854-45DF-901C-B91869CA1A72}.Debug|Any CPU.Build.0 = Debug|Any CPU
		{62E6573A-4854-45DF-901C-B91869CA1A72}.Debug|x64.ActiveCfg = Debug|Any CPU
		{62E6573A-4854-45DF-901C-B91869CA1A72}.Debug|x64.Build.0 = Debug|Any CPU
		{62E6573A-4854-45DF-901C-B91869CA1A72}.Debug|x86.ActiveCfg = Debug|Any CPU
		{62E6573A-4854-45DF-901C-B91869CA1A72}.Debug|x86.Build.0 = Debug|Any CPU
		{62E6573A-4854-45DF-901C-B91869CA1A72}.Release|Any CPU.ActiveCfg = Release|Any CPU
		{62E6573A-4854-45DF-901C-B91869CA1A72}.Release|Any CPU.Build.0 = Release|Any CPU
		{62E6573A-4854-45DF-901C-B91869CA1A72}.Release|x64.ActiveCfg = Release|Any CPU
		{62E6573A-4854-45DF-901C-B91869CA1A72}.Release|x64.Build.0 = Release|Any CPU
		{62E6573A-4854-45DF-901C-B91869CA1A72}.Release|x86.ActiveCfg = Release|Any CPU
		{62E6573A-4854-45DF-901C-B91869CA1A72}.Release|x86.Build.0 = Release|Any CPU
		{0BCC8DB0-732C-4D2F-96E9-AF66836A21BB}.Debug|Any CPU.ActiveCfg = Debug|Any CPU
		{0BCC8DB0-732C-4D2F-96E9-AF66836A21BB}.Debug|Any CPU.Build.0 = Debug|Any CPU
		{0BCC8DB0-732C-4D2F-96E9-AF66836A21BB}.Debug|x64.ActiveCfg = Debug|Any CPU
		{0BCC8DB0-732C-4D2F-96E9-AF66836A21BB}.Debug|x64.Build.0 = Debug|Any CPU
		{0BCC8DB0-732C-4D2F-96E9-AF66836A21BB}.Debug|x86.ActiveCfg = Debug|Any CPU
		{0BCC8DB0-732C-4D2F-96E9-AF66836A21BB}.Debug|x86.Build.0 = Debug|Any CPU
		{0BCC8DB0-732C-4D2F-96E9-AF66836A21BB}.Release|Any CPU.ActiveCfg = Release|Any CPU
		{0BCC8DB0-732C-4D2F-96E9-AF66836A21BB}.Release|Any CPU.Build.0 = Release|Any CPU
		{0BCC8DB0-732C-4D2F-96E9-AF66836A21BB}.Release|x64.ActiveCfg = Release|Any CPU
		{0BCC8DB0-732C-4D2F-96E9-AF66836A21BB}.Release|x64.Build.0 = Release|Any CPU
		{0BCC8DB0-732C-4D2F-96E9-AF66836A21BB}.Release|x86.ActiveCfg = Release|Any CPU
		{0BCC8DB0-732C-4D2F-96E9-AF66836A21BB}.Release|x86.Build.0 = Release|Any CPU
		{5DD10D0C-3293-433C-A154-EE0078588236}.Debug|Any CPU.ActiveCfg = Debug|Any CPU
		{5DD10D0C-3293-433C-A154-EE0078588236}.Debug|Any CPU.Build.0 = Debug|Any CPU
		{5DD10D0C-3293-433C-A154-EE0078588236}.Debug|x64.ActiveCfg = Debug|Any CPU
		{5DD10D0C-3293-433C-A154-EE0078588236}.Debug|x64.Build.0 = Debug|Any CPU
		{5DD10D0C-3293-433C-A154-EE0078588236}.Debug|x86.ActiveCfg = Debug|Any CPU
		{5DD10D0C-3293-433C-A154-EE0078588236}.Debug|x86.Build.0 = Debug|Any CPU
		{5DD10D0C-3293-433C-A154-EE0078588236}.Release|Any CPU.ActiveCfg = Release|Any CPU
		{5DD10D0C-3293-433C-A154-EE0078588236}.Release|Any CPU.Build.0 = Release|Any CPU
		{5DD10D0C-3293-433C-A154-EE0078588236}.Release|x64.ActiveCfg = Release|Any CPU
		{5DD10D0C-3293-433C-A154-EE0078588236}.Release|x64.Build.0 = Release|Any CPU
		{5DD10D0C-3293-433C-A154-EE0078588236}.Release|x86.ActiveCfg = Release|Any CPU
		{5DD10D0C-3293-433C-A154-EE0078588236}.Release|x86.Build.0 = Release|Any CPU
	EndGlobalSection
	GlobalSection(SolutionProperties) = preSolution
		HideSolutionNode = FALSE
	EndGlobalSection
	GlobalSection(NestedProjects) = preSolution
		{69342D5E-A36E-4217-94D2-E48D67FB43F1} = {827E0CD3-B72D-47B6-A68D-7590B98EB39B}
		{9B94F2CE-44CD-49D7-930A-554CD73F0EE8} = {827E0CD3-B72D-47B6-A68D-7590B98EB39B}
		{15712358-AFA6-426D-B30A-879D5B3CB9B8} = {827E0CD3-B72D-47B6-A68D-7590B98EB39B}
		{62E6573A-4854-45DF-901C-B91869CA1A72} = {827E0CD3-B72D-47B6-A68D-7590B98EB39B}
		{0BCC8DB0-732C-4D2F-96E9-AF66836A21BB} = {0AB3BF05-4346-4AA6-1389-037BE0695223}
		{5DD10D0C-3293-433C-A154-EE0078588236} = {0AB3BF05-4346-4AA6-1389-037BE0695223}
	EndGlobalSection
EndGlobal
