
Microsoft Visual Studio Solution File, Format Version 12.00
# Visual Studio Version 17
VisualStudioVersion = 17.0.31903.59
MinimumVisualStudioVersion = 10.0.40219.1
Project("{2150E333-8FDC-42A3-9474-1A3956D46DE8}") = "src", "src", "{827E0CD3-B72D-47B6-A68D-7590B98EB39B}"
EndProject
Project("{FAE04EC0-301F-11D3-BF4B-00C04F79EFBC}") = "Media.API", "src\Media.API\Media.API.csproj", "{2DACB14D-CFC8-4ABA-B4F9-24FBE8F38494}"
EndProject
Project("{FAE04EC0-301F-11D3-BF4B-00C04F79EFBC}") = "Media.Application", "src\Media.Application\Media.Application.csproj", "{EC25C3BE-1327-4E54-BB00-FA6D8DF4886E}"
EndProject
Project("{FAE04EC0-301F-11D3-BF4B-00C04F79EFBC}") = "Media.Domain", "src\Media.Domain\Media.Domain.csproj", "{B6247F96-6D5D-46FF-B4D3-CF895A6B826C}"
EndProject
Project("{FAE04EC0-301F-11D3-BF4B-00C04F79EFBC}") = "Media.Infrastructure", "src\Media.Infrastructure\Media.Infrastructure.csproj", "{A7445538-AF6A-40CB-98D1-91F411C160DB}"
EndProject
Project("{2150E333-8FDC-42A3-9474-1A3956D46DE8}") = "tests", "tests", "{0AB3BF05-4346-4AA6-1389-037BE0695223}"
EndProject
Project("{FAE04EC0-301F-11D3-BF4B-00C04F79EFBC}") = "Media.UnitTests", "tests\Media.UnitTests\Media.UnitTests.csproj", "{B2A3057C-026D-41D6-948C-C209BF27F001}"
EndProject
Project("{FAE04EC0-301F-11D3-BF4B-00C04F79EFBC}") = "Media.IntegrationTests", "tests\Media.IntegrationTests\Media.IntegrationTests.csproj", "{741A1CB3-F22D-44F8-ABCD-D5B29EF64244}"
EndProject
Global
	GlobalSection(SolutionConfigurationPlatforms) = preSolution
		Debug|Any CPU = Debug|Any CPU
		Debug|x64 = Debug|x64
		Debug|x86 = Debug|x86
		Release|Any CPU = Release|Any CPU
		Release|x64 = Release|x64
		Release|x86 = Release|x86
	EndGlobalSection
	GlobalSection(ProjectConfigurationPlatforms) = postSolution
		{2DACB14D-CFC8-4ABA-B4F9-24FBE8F38494}.Debug|Any CPU.ActiveCfg = Debug|Any CPU
		{2DACB14D-CFC8-4ABA-B4F9-24FBE8F38494}.Debug|Any CPU.Build.0 = Debug|Any CPU
		{2DACB14D-CFC8-4ABA-B4F9-24FBE8F38494}.Debug|x64.ActiveCfg = Debug|Any CPU
		{2DACB14D-CFC8-4ABA-B4F9-24FBE8F38494}.Debug|x64.Build.0 = Debug|Any CPU
		{2DACB14D-CFC8-4ABA-B4F9-24FBE8F38494}.Debug|x86.ActiveCfg = Debug|Any CPU
		{2DACB14D-CFC8-4ABA-B4F9-24FBE8F38494}.Debug|x86.Build.0 = Debug|Any CPU
		{2DACB14D-CFC8-4ABA-B4F9-24FBE8F38494}.Release|Any CPU.ActiveCfg = Release|Any CPU
		{2DACB14D-CFC8-4ABA-B4F9-24FBE8F38494}.Release|Any CPU.Build.0 = Release|Any CPU
		{2DACB14D-CFC8-4ABA-B4F9-24FBE8F38494}.Release|x64.ActiveCfg = Release|Any CPU
		{2DACB14D-CFC8-4ABA-B4F9-24FBE8F38494}.Release|x64.Build.0 = Release|Any CPU
		{2DACB14D-CFC8-4ABA-B4F9-24FBE8F38494}.Release|x86.ActiveCfg = Release|Any CPU
		{2DACB14D-CFC8-4ABA-B4F9-24FBE8F38494}.Release|x86.Build.0 = Release|Any CPU
		{EC25C3BE-1327-4E54-BB00-FA6D8DF4886E}.Debug|Any CPU.ActiveCfg = Debug|Any CPU
		{EC25C3BE-1327-4E54-BB00-FA6D8DF4886E}.Debug|Any CPU.Build.0 = Debug|Any CPU
		{EC25C3BE-1327-4E54-BB00-FA6D8DF4886E}.Debug|x64.ActiveCfg = Debug|Any CPU
		{EC25C3BE-1327-4E54-BB00-FA6D8DF4886E}.Debug|x64.Build.0 = Debug|Any CPU
		{EC25C3BE-1327-4E54-BB00-FA6D8DF4886E}.Debug|x86.ActiveCfg = Debug|Any CPU
		{EC25C3BE-1327-4E54-BB00-FA6D8DF4886E}.Debug|x86.Build.0 = Debug|Any CPU
		{EC25C3BE-1327-4E54-BB00-FA6D8DF4886E}.Release|Any CPU.ActiveCfg = Release|Any CPU
		{EC25C3BE-1327-4E54-BB00-FA6D8DF4886E}.Release|Any CPU.Build.0 = Release|Any CPU
		{EC25C3BE-1327-4E54-BB00-FA6D8DF4886E}.Release|x64.ActiveCfg = Release|Any CPU
		{EC25C3BE-1327-4E54-BB00-FA6D8DF4886E}.Release|x64.Build.0 = Release|Any CPU
		{EC25C3BE-1327-4E54-BB00-FA6D8DF4886E}.Release|x86.ActiveCfg = Release|Any CPU
		{EC25C3BE-1327-4E54-BB00-FA6D8DF4886E}.Release|x86.Build.0 = Release|Any CPU
		{B6247F96-6D5D-46FF-B4D3-CF895A6B826C}.Debug|Any CPU.ActiveCfg = Debug|Any CPU
		{B6247F96-6D5D-46FF-B4D3-CF895A6B826C}.Debug|Any CPU.Build.0 = Debug|Any CPU
		{B6247F96-6D5D-46FF-B4D3-CF895A6B826C}.Debug|x64.ActiveCfg = Debug|Any CPU
		{B6247F96-6D5D-46FF-B4D3-CF895A6B826C}.Debug|x64.Build.0 = Debug|Any CPU
		{B6247F96-6D5D-46FF-B4D3-CF895A6B826C}.Debug|x86.ActiveCfg = Debug|Any CPU
		{B6247F96-6D5D-46FF-B4D3-CF895A6B826C}.Debug|x86.Build.0 = Debug|Any CPU
		{B6247F96-6D5D-46FF-B4D3-CF895A6B826C}.Release|Any CPU.ActiveCfg = Release|Any CPU
		{B6247F96-6D5D-46FF-B4D3-CF895A6B826C}.Release|Any CPU.Build.0 = Release|Any CPU
		{B6247F96-6D5D-46FF-B4D3-CF895A6B826C}.Release|x64.ActiveCfg = Release|Any CPU
		{B6247F96-6D5D-46FF-B4D3-CF895A6B826C}.Release|x64.Build.0 = Release|Any CPU
		{B6247F96-6D5D-46FF-B4D3-CF895A6B826C}.Release|x86.ActiveCfg = Release|Any CPU
		{B6247F96-6D5D-46FF-B4D3-CF895A6B826C}.Release|x86.Build.0 = Release|Any CPU
		{A7445538-AF6A-40CB-98D1-91F411C160DB}.Debug|Any CPU.ActiveCfg = Debug|Any CPU
		{A7445538-AF6A-40CB-98D1-91F411C160DB}.Debug|Any CPU.Build.0 = Debug|Any CPU
		{A7445538-AF6A-40CB-98D1-91F411C160DB}.Debug|x64.ActiveCfg = Debug|Any CPU
		{A7445538-AF6A-40CB-98D1-91F411C160DB}.Debug|x64.Build.0 = Debug|Any CPU
		{A7445538-AF6A-40CB-98D1-91F411C160DB}.Debug|x86.ActiveCfg = Debug|Any CPU
		{A7445538-AF6A-40CB-98D1-91F411C160DB}.Debug|x86.Build.0 = Debug|Any CPU
		{A7445538-AF6A-40CB-98D1-91F411C160DB}.Release|Any CPU.ActiveCfg = Release|Any CPU
		{A7445538-AF6A-40CB-98D1-91F411C160DB}.Release|Any CPU.Build.0 = Release|Any CPU
		{A7445538-AF6A-40CB-98D1-91F411C160DB}.Release|x64.ActiveCfg = Release|Any CPU
		{A7445538-AF6A-40CB-98D1-91F411C160DB}.Release|x64.Build.0 = Release|Any CPU
		{A7445538-AF6A-40CB-98D1-91F411C160DB}.Release|x86.ActiveCfg = Release|Any CPU
		{A7445538-AF6A-40CB-98D1-91F411C160DB}.Release|x86.Build.0 = Release|Any CPU
		{B2A3057C-026D-41D6-948C-C209BF27F001}.Debug|Any CPU.ActiveCfg = Debug|Any CPU
		{B2A3057C-026D-41D6-948C-C209BF27F001}.Debug|Any CPU.Build.0 = Debug|Any CPU
		{B2A3057C-026D-41D6-948C-C209BF27F001}.Debug|x64.ActiveCfg = Debug|Any CPU
		{B2A3057C-026D-41D6-948C-C209BF27F001}.Debug|x64.Build.0 = Debug|Any CPU
		{B2A3057C-026D-41D6-948C-C209BF27F001}.Debug|x86.ActiveCfg = Debug|Any CPU
		{B2A3057C-026D-41D6-948C-C209BF27F001}.Debug|x86.Build.0 = Debug|Any CPU
		{B2A3057C-026D-41D6-948C-C209BF27F001}.Release|Any CPU.ActiveCfg = Release|Any CPU
		{B2A3057C-026D-41D6-948C-C209BF27F001}.Release|Any CPU.Build.0 = Release|Any CPU
		{B2A3057C-026D-41D6-948C-C209BF27F001}.Release|x64.ActiveCfg = Release|Any CPU
		{B2A3057C-026D-41D6-948C-C209BF27F001}.Release|x64.Build.0 = Release|Any CPU
		{B2A3057C-026D-41D6-948C-C209BF27F001}.Release|x86.ActiveCfg = Release|Any CPU
		{B2A3057C-026D-41D6-948C-C209BF27F001}.Release|x86.Build.0 = Release|Any CPU
		{741A1CB3-F22D-44F8-ABCD-D5B29EF64244}.Debug|Any CPU.ActiveCfg = Debug|Any CPU
		{741A1CB3-F22D-44F8-ABCD-D5B29EF64244}.Debug|Any CPU.Build.0 = Debug|Any CPU
		{741A1CB3-F22D-44F8-ABCD-D5B29EF64244}.Debug|x64.ActiveCfg = Debug|Any CPU
		{741A1CB3-F22D-44F8-ABCD-D5B29EF64244}.Debug|x64.Build.0 = Debug|Any CPU
		{741A1CB3-F22D-44F8-ABCD-D5B29EF64244}.Debug|x86.ActiveCfg = Debug|Any CPU
		{741A1CB3-F22D-44F8-ABCD-D5B29EF64244}.Debug|x86.Build.0 = Debug|Any CPU
		{741A1CB3-F22D-44F8-ABCD-D5B29EF64244}.Release|Any CPU.ActiveCfg = Release|Any CPU
		{741A1CB3-F22D-44F8-ABCD-D5B29EF64244}.Release|Any CPU.Build.0 = Release|Any CPU
		{741A1CB3-F22D-44F8-ABCD-D5B29EF64244}.Release|x64.ActiveCfg = Release|Any CPU
		{741A1CB3-F22D-44F8-ABCD-D5B29EF64244}.Release|x64.Build.0 = Release|Any CPU
		{741A1CB3-F22D-44F8-ABCD-D5B29EF64244}.Release|x86.ActiveCfg = Release|Any CPU
		{741A1CB3-F22D-44F8-ABCD-D5B29EF64244}.Release|x86.Build.0 = Release|Any CPU
	EndGlobalSection
	GlobalSection(SolutionProperties) = preSolution
		HideSolutionNode = FALSE
	EndGlobalSection
	GlobalSection(NestedProjects) = preSolution
		{2DACB14D-CFC8-4ABA-B4F9-24FBE8F38494} = {827E0CD3-B72D-47B6-A68D-7590B98EB39B}
		{EC25C3BE-1327-4E54-BB00-FA6D8DF4886E} = {827E0CD3-B72D-47B6-A68D-7590B98EB39B}
		{B6247F96-6D5D-46FF-B4D3-CF895A6B826C} = {827E0CD3-B72D-47B6-A68D-7590B98EB39B}
		{A7445538-AF6A-40CB-98D1-91F411C160DB} = {827E0CD3-B72D-47B6-A68D-7590B98EB39B}
		{B2A3057C-026D-41D6-948C-C209BF27F001} = {0AB3BF05-4346-4AA6-1389-037BE0695223}
		{741A1CB3-F22D-44F8-ABCD-D5B29EF64244} = {0AB3BF05-4346-4AA6-1389-037BE0695223}
	EndGlobalSection
EndGlobal
